// !$*UTF8*$!
{
	archiveVersion = 1;
	classes = {
	};
	objectVersion = 56;
	objects = {

/* Begin PBXBuildFile section */
		F5A11ED629941D9C005F13EB /* AppDelegate.swift in Sources */ = {isa = PBXBuildFile; fileRef = F5A11ED529941D9C005F13EB /* AppDelegate.swift */; };
		F5A11ED829941D9C005F13EB /* SceneDelegate.swift in Sources */ = {isa = PBXBuildFile; fileRef = F5A11ED729941D9C005F13EB /* SceneDelegate.swift */; };
		F5A11EDA29941D9C005F13EB /* ViewController.swift in Sources */ = {isa = PBXBuildFile; fileRef = F5A11ED929941D9C005F13EB /* ViewController.swift */; };
		F5A11EDD29941D9C005F13EB /* Main.storyboard in Resources */ = {isa = PBXBuildFile; fileRef = F5A11EDB29941D9C005F13EB /* Main.storyboard */; };
		F5A11EDF29941D9D005F13EB /* Assets.xcassets in Resources */ = {isa = PBXBuildFile; fileRef = F5A11EDE29941D9D005F13EB /* Assets.xcassets */; };
		F5A11EE229941D9D005F13EB /* LaunchScreen.storyboard in Resources */ = {isa = PBXBuildFile; fileRef = F5A11EE029941D9D005F13EB /* LaunchScreen.storyboard */; };
		F5A11EED29941D9D005F13EB /* MeatBallsTests.swift in Sources */ = {isa = PBXBuildFile; fileRef = F5A11EEC29941D9D005F13EB /* MeatBallsTests.swift */; };
		F5A11EF729941D9D005F13EB /* MeatBallsUITests.swift in Sources */ = {isa = PBXBuildFile; fileRef = F5A11EF629941D9D005F13EB /* MeatBallsUITests.swift */; };
		F5A11EF929941D9D005F13EB /* MeatBallsUITestsLaunchTests.swift in Sources */ = {isa = PBXBuildFile; fileRef = F5A11EF829941D9D005F13EB /* MeatBallsUITestsLaunchTests.swift */; };
/* End PBXBuildFile section */

/* Begin PBXContainerItemProxy section */
		F5A11EE929941D9D005F13EB /* PBXContainerItemProxy */ = {
			isa = PBXContainerItemProxy;
			containerPortal = F5A11ECA29941D9C005F13EB /* Project object */;
			proxyType = 1;
			remoteGlobalIDString = F5A11ED129941D9C005F13EB;
			remoteInfo = MeatBalls;
		};
		F5A11EF329941D9D005F13EB /* PBXContainerItemProxy */ = {
			isa = PBXContainerItemProxy;
			containerPortal = F5A11ECA29941D9C005F13EB /* Project object */;
			proxyType = 1;
			remoteGlobalIDString = F5A11ED129941D9C005F13EB;
			remoteInfo = MeatBalls;
		};
/* End PBXContainerItemProxy section */

/* Begin PBXFileReference section */
		F5A11ED229941D9C005F13EB /* MeatBalls.app */ = {isa = PBXFileReference; explicitFileType = wrapper.application; includeInIndex = 0; path = MeatBalls.app; sourceTree = BUILT_PRODUCTS_DIR; };
		F5A11ED529941D9C005F13EB /* AppDelegate.swift */ = {isa = PBXFileReference; lastKnownFileType = sourcecode.swift; path = AppDelegate.swift; sourceTree = "<group>"; };
		F5A11ED729941D9C005F13EB /* SceneDelegate.swift */ = {isa = PBXFileReference; lastKnownFileType = sourcecode.swift; path = SceneDelegate.swift; sourceTree = "<group>"; };
		F5A11ED929941D9C005F13EB /* ViewController.swift */ = {isa = PBXFileReference; lastKnownFileType = sourcecode.swift; path = ViewController.swift; sourceTree = "<group>"; };
		F5A11EDC29941D9C005F13EB /* Base */ = {isa = PBXFileReference; lastKnownFileType = file.storyboard; name = Base; path = Base.lproj/Main.storyboard; sourceTree = "<group>"; };
		F5A11EDE29941D9D005F13EB /* Assets.xcassets */ = {isa = PBXFileReference; lastKnownFileType = folder.assetcatalog; path = Assets.xcassets; sourceTree = "<group>"; };
		F5A11EE129941D9D005F13EB /* Base */ = {isa = PBXFileReference; lastKnownFileType = file.storyboard; name = Base; path = Base.lproj/LaunchScreen.storyboard; sourceTree = "<group>"; };
		F5A11EE329941D9D005F13EB /* Info.plist */ = {isa = PBXFileReference; lastKnownFileType = text.plist.xml; path = Info.plist; sourceTree = "<group>"; };
		F5A11EE829941D9D005F13EB /* MeatBallsTests.xctest */ = {isa = PBXFileReference; explicitFileType = wrapper.cfbundle; includeInIndex = 0; path = MeatBallsTests.xctest; sourceTree = BUILT_PRODUCTS_DIR; };
		F5A11EEC29941D9D005F13EB /* MeatBallsTests.swift */ = {isa = PBXFileReference; lastKnownFileType = sourcecode.swift; path = MeatBallsTests.swift; sourceTree = "<group>"; };
		F5A11EF229941D9D005F13EB /* MeatBallsUITests.xctest */ = {isa = PBXFileReference; explicitFileType = wrapper.cfbundle; includeInIndex = 0; path = MeatBallsUITests.xctest; sourceTree = BUILT_PRODUCTS_DIR; };
		F5A11EF629941D9D005F13EB /* MeatBallsUITests.swift */ = {isa = PBXFileReference; lastKnownFileType = sourcecode.swift; path = MeatBallsUITests.swift; sourceTree = "<group>"; };
		F5A11EF829941D9D005F13EB /* MeatBallsUITestsLaunchTests.swift */ = {isa = PBXFileReference; lastKnownFileType = sourcecode.swift; path = MeatBallsUITestsLaunchTests.swift; sourceTree = "<group>"; };
/* End PBXFileReference section */

/* Begin PBXFrameworksBuildPhase section */
		F5A11ECF29941D9C005F13EB /* Frameworks */ = {
			isa = PBXFrameworksBuildPhase;
			buildActionMask = 2147483647;
			files = (
			);
			runOnlyForDeploymentPostprocessing = 0;
		};
		F5A11EE529941D9D005F13EB /* Frameworks */ = {
			isa = PBXFrameworksBuildPhase;
			buildActionMask = 2147483647;
			files = (
			);
			runOnlyForDeploymentPostprocessing = 0;
		};
		F5A11EEF29941D9D005F13EB /* Frameworks */ = {
			isa = PBXFrameworksBuildPhase;
			buildActionMask = 2147483647;
			files = (
			);
			runOnlyForDeploymentPostprocessing = 0;
		};
/* End PBXFrameworksBuildPhase section */

/* Begin PBXGroup section */
		F5A11EC929941D9C005F13EB = {
			isa = PBXGroup;
			children = (
				F5A11ED429941D9C005F13EB /* MeatBalls */,
				F5A11EEB29941D9D005F13EB /* MeatBallsTests */,
				F5A11EF529941D9D005F13EB /* MeatBallsUITests */,
				F5A11ED329941D9C005F13EB /* Products */,
			);
			sourceTree = "<group>";
		};
		F5A11ED329941D9C005F13EB /* Products */ = {
			isa = PBXGroup;
			children = (
				F5A11ED229941D9C005F13EB /* MeatBalls.app */,
				F5A11EE829941D9D005F13EB /* MeatBallsTests.xctest */,
				F5A11EF229941D9D005F13EB /* MeatBallsUITests.xctest */,
			);
			name = Products;
			sourceTree = "<group>";
		};
		F5A11ED429941D9C005F13EB /* MeatBalls */ = {
			isa = PBXGroup;
			children = (
				F5A11ED529941D9C005F13EB /* AppDelegate.swift */,
				F5A11ED729941D9C005F13EB /* SceneDelegate.swift */,
				F5A11ED929941D9C005F13EB /* ViewController.swift */,
				F5A11EDB29941D9C005F13EB /* Main.storyboard */,
				F5A11EDE29941D9D005F13EB /* Assets.xcassets */,
				F5A11EE029941D9D005F13EB /* LaunchScreen.storyboard */,
				F5A11EE329941D9D005F13EB /* Info.plist */,
			);
			path = MeatBalls;
			sourceTree = "<group>";
		};
		F5A11EEB29941D9D005F13EB /* MeatBallsTests */ = {
			isa = PBXGroup;
			children = (
				F5A11EEC29941D9D005F13EB /* MeatBallsTests.swift */,
			);
			path = MeatBallsTests;
			sourceTree = "<group>";
		};
		F5A11EF529941D9D005F13EB /* MeatBallsUITests */ = {
			isa = PBXGroup;
			children = (
				F5A11EF629941D9D005F13EB /* MeatBallsUITests.swift */,
				F5A11EF829941D9D005F13EB /* MeatBallsUITestsLaunchTests.swift */,
			);
			path = MeatBallsUITests;
			sourceTree = "<group>";
		};
/* End PBXGroup section */

/* Begin PBXNativeTarget section */
		F5A11ED129941D9C005F13EB /* MeatBalls */ = {
			isa = PBXNativeTarget;
			buildConfigurationList = F5A11EFC29941D9D005F13EB /* Build configuration list for PBXNativeTarget "MeatBalls" */;
			buildPhases = (
				F5A11ECE29941D9C005F13EB /* Sources */,
				F5A11ECF29941D9C005F13EB /* Frameworks */,
				F5A11ED029941D9C005F13EB /* Resources */,
			);
			buildRules = (
			);
			dependencies = (
			);
			name = MeatBalls;
			productName = MeatBalls;
			productReference = F5A11ED229941D9C005F13EB /* MeatBalls.app */;
			productType = "com.apple.product-type.application";
		};
		F5A11EE729941D9D005F13EB /* MeatBallsTests */ = {
			isa = PBXNativeTarget;
			buildConfigurationList = F5A11EFF29941D9D005F13EB /* Build configuration list for PBXNativeTarget "MeatBallsTests" */;
			buildPhases = (
				F5A11EE429941D9D005F13EB /* Sources */,
				F5A11EE529941D9D005F13EB /* Frameworks */,
				F5A11EE629941D9D005F13EB /* Resources */,
			);
			buildRules = (
			);
			dependencies = (
				F5A11EEA29941D9D005F13EB /* PBXTargetDependency */,
			);
			name = MeatBallsTests;
			productName = MeatBallsTests;
			productReference = F5A11EE829941D9D005F13EB /* MeatBallsTests.xctest */;
			productType = "com.apple.product-type.bundle.unit-test";
		};
		F5A11EF129941D9D005F13EB /* MeatBallsUITests */ = {
			isa = PBXNativeTarget;
			buildConfigurationList = F5A11F0229941D9D005F13EB /* Build configuration list for PBXNativeTarget "MeatBallsUITests" */;
			buildPhases = (
				F5A11EEE29941D9D005F13EB /* Sources */,
				F5A11EEF29941D9D005F13EB /* Frameworks */,
				F5A11EF029941D9D005F13EB /* Resources */,
			);
			buildRules = (
			);
			dependencies = (
				F5A11EF429941D9D005F13EB /* PBXTargetDependency */,
			);
			name = MeatBallsUITests;
			productName = MeatBallsUITests;
			productReference = F5A11EF229941D9D005F13EB /* MeatBallsUITests.xctest */;
			productType = "com.apple.product-type.bundle.ui-testing";
		};
/* End PBXNativeTarget section */

/* Begin PBXProject section */
		F5A11ECA29941D9C005F13EB /* Project object */ = {
			isa = PBXProject;
			attributes = {
				BuildIndependentTargetsInParallel = 1;
				LastSwiftUpdateCheck = 1420;
				LastUpgradeCheck = 1420;
				TargetAttributes = {
					F5A11ED129941D9C005F13EB = {
						CreatedOnToolsVersion = 14.2;
					};
					F5A11EE729941D9D005F13EB = {
						CreatedOnToolsVersion = 14.2;
						TestTargetID = F5A11ED129941D9C005F13EB;
					};
					F5A11EF129941D9D005F13EB = {
						CreatedOnToolsVersion = 14.2;
						TestTargetID = F5A11ED129941D9C005F13EB;
					};
				};
			};
			buildConfigurationList = F5A11ECD29941D9C005F13EB /* Build configuration list for PBXProject "MeatBalls" */;
			compatibilityVersion = "Xcode 14.0";
			developmentRegion = en;
			hasScannedForEncodings = 0;
			knownRegions = (
				en,
				Base,
			);
			mainGroup = F5A11EC929941D9C005F13EB;
			productRefGroup = F5A11ED329941D9C005F13EB /* Products */;
			projectDirPath = "";
			projectRoot = "";
			targets = (
				F5A11ED129941D9C005F13EB /* MeatBalls */,
				F5A11EE729941D9D005F13EB /* MeatBallsTests */,
				F5A11EF129941D9D005F13EB /* MeatBallsUITests */,
			);
		};
/* End PBXProject section */

/* Begin PBXResourcesBuildPhase section */
		F5A11ED029941D9C005F13EB /* Resources */ = {
			isa = PBXResourcesBuildPhase;
			buildActionMask = 2147483647;
			files = (
				F5A11EE229941D9D005F13EB /* LaunchScreen.storyboard in Resources */,
				F5A11EDF29941D9D005F13EB /* Assets.xcassets in Resources */,
				F5A11EDD29941D9C005F13EB /* Main.storyboard in Resources */,
			);
			runOnlyForDeploymentPostprocessing = 0;
		};
		F5A11EE629941D9D005F13EB /* Resources */ = {
			isa = PBXResourcesBuildPhase;
			buildActionMask = 2147483647;
			files = (
			);
			runOnlyForDeploymentPostprocessing = 0;
		};
		F5A11EF029941D9D005F13EB /* Resources */ = {
			isa = PBXResourcesBuildPhase;
			buildActionMask = 2147483647;
			files = (
			);
			runOnlyForDeploymentPostprocessing = 0;
		};
/* End PBXResourcesBuildPhase section */

/* Begin PBXSourcesBuildPhase section */
		F5A11ECE29941D9C005F13EB /* Sources */ = {
			isa = PBXSourcesBuildPhase;
			buildActionMask = 2147483647;
			files = (
				F5A11EDA29941D9C005F13EB /* ViewController.swift in Sources */,
				F5A11ED629941D9C005F13EB /* AppDelegate.swift in Sources */,
				F5A11ED829941D9C005F13EB /* SceneDelegate.swift in Sources */,
			);
			runOnlyForDeploymentPostprocessing = 0;
		};
		F5A11EE429941D9D005F13EB /* Sources */ = {
			isa = PBXSourcesBuildPhase;
			buildActionMask = 2147483647;
			files = (
				F5A11EED29941D9D005F13EB /* MeatBallsTests.swift in Sources */,
			);
			runOnlyForDeploymentPostprocessing = 0;
		};
		F5A11EEE29941D9D005F13EB /* Sources */ = {
			isa = PBXSourcesBuildPhase;
			buildActionMask = 2147483647;
			files = (
				F5A11EF929941D9D005F13EB /* MeatBallsUITestsLaunchTests.swift in Sources */,
				F5A11EF729941D9D005F13EB /* MeatBallsUITests.swift in Sources */,
			);
			runOnlyForDeploymentPostprocessing = 0;
		};
/* End PBXSourcesBuildPhase section */

/* Begin PBXTargetDependency section */
		F5A11EEA29941D9D005F13EB /* PBXTargetDependency */ = {
			isa = PBXTargetDependency;
			target = F5A11ED129941D9C005F13EB /* MeatBalls */;
			targetProxy = F5A11EE929941D9D005F13EB /* PBXContainerItemProxy */;
		};
		F5A11EF429941D9D005F13EB /* PBXTargetDependency */ = {
			isa = PBXTargetDependency;
			target = F5A11ED129941D9C005F13EB /* MeatBalls */;
			targetProxy = F5A11EF329941D9D005F13EB /* PBXContainerItemProxy */;
		};
/* End PBXTargetDependency section */

/* Begin PBXVariantGroup section */
		F5A11EDB29941D9C005F13EB /* Main.storyboard */ = {
			isa = PBXVariantGroup;
			children = (
				F5A11EDC29941D9C005F13EB /* Base */,
			);
			name = Main.storyboard;
			sourceTree = "<group>";
		};
		F5A11EE029941D9D005F13EB /* LaunchScreen.storyboard */ = {
			isa = PBXVariantGroup;
			children = (
				F5A11EE129941D9D005F13EB /* Base */,
			);
			name = LaunchScreen.storyboard;
			sourceTree = "<group>";
		};
/* End PBXVariantGroup section */

/* Begin XCBuildConfiguration section */
		F5A11EFA29941D9D005F13EB /* Debug */ = {
			isa = XCBuildConfiguration;
			buildSettings = {
				ALWAYS_SEARCH_USER_PATHS = NO;
				CLANG_ANALYZER_NONNULL = YES;
				CLANG_ANALYZER_NUMBER_OBJECT_CONVERSION = YES_AGGRESSIVE;
				CLANG_CXX_LANGUAGE_STANDARD = "gnu++20";
				CLANG_ENABLE_MODULES = YES;
				CLANG_ENABLE_OBJC_ARC = YES;
				CLANG_ENABLE_OBJC_WEAK = YES;
				CLANG_WARN_BLOCK_CAPTURE_AUTORELEASING = YES;
				CLANG_WARN_BOOL_CONVERSION = YES;
				CLANG_WARN_COMMA = YES;
				CLANG_WARN_CONSTANT_CONVERSION = YES;
				CLANG_WARN_DEPRECATED_OBJC_IMPLEMENTATIONS = YES;
				CLANG_WARN_DIRECT_OBJC_ISA_USAGE = YES_ERROR;
				CLANG_WARN_DOCUMENTATION_COMMENTS = YES;
				CLANG_WARN_EMPTY_BODY = YES;
				CLANG_WARN_ENUM_CONVERSION = YES;
				CLANG_WARN_INFINITE_RECURSION = YES;
				CLANG_WARN_INT_CONVERSION = YES;
				CLANG_WARN_NON_LITERAL_NULL_CONVERSION = YES;
				CLANG_WARN_OBJC_IMPLICIT_RETAIN_SELF = YES;
				CLANG_WARN_OBJC_LITERAL_CONVERSION = YES;
				CLANG_WARN_OBJC_ROOT_CLASS = YES_ERROR;
				CLANG_WARN_QUOTED_INCLUDE_IN_FRAMEWORK_HEADER = YES;
				CLANG_WARN_RANGE_LOOP_ANALYSIS = YES;
				CLANG_WARN_STRICT_PROTOTYPES = YES;
				CLANG_WARN_SUSPICIOUS_MOVE = YES;
				CLANG_WARN_UNGUARDED_AVAILABILITY = YES_AGGRESSIVE;
				CLANG_WARN_UNREACHABLE_CODE = YES;
				CLANG_WARN__DUPLICATE_METHOD_MATCH = YES;
				COPY_PHASE_STRIP = NO;
				DEBUG_INFORMATION_FORMAT = dwarf;
				ENABLE_STRICT_OBJC_MSGSEND = YES;
				ENABLE_TESTABILITY = YES;
				GCC_C_LANGUAGE_STANDARD = gnu11;
				GCC_DYNAMIC_NO_PIC = NO;
				GCC_NO_COMMON_BLOCKS = YES;
				GCC_OPTIMIZATION_LEVEL = 0;
				GCC_PREPROCESSOR_DEFINITIONS = (
					"DEBUG=1",
					"$(inherited)",
				);
				GCC_WARN_64_TO_32_BIT_CONVERSION = YES;
				GCC_WARN_ABOUT_RETURN_TYPE = YES_ERROR;
				GCC_WARN_UNDECLARED_SELECTOR = YES;
				GCC_WARN_UNINITIALIZED_AUTOS = YES_AGGRESSIVE;
				GCC_WARN_UNUSED_FUNCTION = YES;
				GCC_WARN_UNUSED_VARIABLE = YES;
				IPHONEOS_DEPLOYMENT_TARGET = 16.2;
				MTL_ENABLE_DEBUG_INFO = INCLUDE_SOURCE;
				MTL_FAST_MATH = YES;
				ONLY_ACTIVE_ARCH = YES;
				SDKROOT = iphoneos;
				SWIFT_ACTIVE_COMPILATION_CONDITIONS = DEBUG;
				SWIFT_OPTIMIZATION_LEVEL = "-Onone";
			};
			name = Debug;
		};
		F5A11EFB29941D9D005F13EB /* Release */ = {
			isa = XCBuildConfiguration;
			buildSettings = {
				ALWAYS_SEARCH_USER_PATHS = NO;
				CLANG_ANALYZER_NONNULL = YES;
				CLANG_ANALYZER_NUMBER_OBJECT_CONVERSION = YES_AGGRESSIVE;
				CLANG_CXX_LANGUAGE_STANDARD = "gnu++20";
				CLANG_ENABLE_MODULES = YES;
				CLANG_ENABLE_OBJC_ARC = YES;
				CLANG_ENABLE_OBJC_WEAK = YES;
				CLANG_WARN_BLOCK_CAPTURE_AUTORELEASING = YES;
				CLANG_WARN_BOOL_CONVERSION = YES;
				CLANG_WARN_COMMA = YES;
				CLANG_WARN_CONSTANT_CONVERSION = YES;
				CLANG_WARN_DEPRECATED_OBJC_IMPLEMENTATIONS = YES;
				CLANG_WARN_DIRECT_OBJC_ISA_USAGE = YES_ERROR;
				CLANG_WARN_DOCUMENTATION_COMMENTS = YES;
				CLANG_WARN_EMPTY_BODY = YES;
				CLANG_WARN_ENUM_CONVERSION = YES;
				CLANG_WARN_INFINITE_RECURSION = YES;
				CLANG_WARN_INT_CONVERSION = YES;
				CLANG_WARN_NON_LITERAL_NULL_CONVERSION = YES;
				CLANG_WARN_OBJC_IMPLICIT_RETAIN_SELF = YES;
				CLANG_WARN_OBJC_LITERAL_CONVERSION = YES;
				CLANG_WARN_OBJC_ROOT_CLASS = YES_ERROR;
				CLANG_WARN_QUOTED_INCLUDE_IN_FRAMEWORK_HEADER = YES;
				CLANG_WARN_RANGE_LOOP_ANALYSIS = YES;
				CLANG_WARN_STRICT_PROTOTYPES = YES;
				CLANG_WARN_SUSPICIOUS_MOVE = YES;
				CLANG_WARN_UNGUARDED_AVAILABILITY = YES_AGGRESSIVE;
				CLANG_WARN_UNREACHABLE_CODE = YES;
				CLANG_WARN__DUPLICATE_METHOD_MATCH = YES;
				COPY_PHASE_STRIP = NO;
				DEBUG_INFORMATION_FORMAT = "dwarf-with-dsym";
				ENABLE_NS_ASSERTIONS = NO;
				ENABLE_STRICT_OBJC_MSGSEND = YES;
				GCC_C_LANGUAGE_STANDARD = gnu11;
				GCC_NO_COMMON_BLOCKS = YES;
				GCC_WARN_64_TO_32_BIT_CONVERSION = YES;
				GCC_WARN_ABOUT_RETURN_TYPE = YES_ERROR;
				GCC_WARN_UNDECLARED_SELECTOR = YES;
				GCC_WARN_UNINITIALIZED_AUTOS = YES_AGGRESSIVE;
				GCC_WARN_UNUSED_FUNCTION = YES;
				GCC_WARN_UNUSED_VARIABLE = YES;
				IPHONEOS_DEPLOYMENT_TARGET = 16.2;
				MTL_ENABLE_DEBUG_INFO = NO;
				MTL_FAST_MATH = YES;
				SDKROOT = iphoneos;
				SWIFT_COMPILATION_MODE = wholemodule;
				SWIFT_OPTIMIZATION_LEVEL = "-O";
				VALIDATE_PRODUCT = YES;
			};
			name = Release;
		};
		F5A11EFD29941D9D005F13EB /* Debug */ = {
			isa = XCBuildConfiguration;
			buildSettings = {
				ASSETCATALOG_COMPILER_APPICON_NAME = AppIcon;
				ASSETCATALOG_COMPILER_GLOBAL_ACCENT_COLOR_NAME = AccentColor;
				CODE_SIGN_STYLE = Automatic;
				CURRENT_PROJECT_VERSION = 1;
				DEVELOPMENT_TEAM = U5D7JR643Q;
				GENERATE_INFOPLIST_FILE = YES;
				INFOPLIST_FILE = MeatBalls/Info.plist;
				INFOPLIST_KEY_UIApplicationSupportsIndirectInputEvents = YES;
				INFOPLIST_KEY_UILaunchStoryboardName = LaunchScreen;
				INFOPLIST_KEY_UIMainStoryboardFile = Main;
				INFOPLIST_KEY_UISupportedInterfaceOrientations_iPad = "UIInterfaceOrientationPortrait UIInterfaceOrientationPortraitUpsideDown UIInterfaceOrientationLandscapeLeft UIInterfaceOrientationLandscapeRight";
				INFOPLIST_KEY_UISupportedInterfaceOrientations_iPhone = "UIInterfaceOrientationPortrait UIInterfaceOrientationLandscapeLeft UIInterfaceOrientationLandscapeRight";
				LD_RUNPATH_SEARCH_PATHS = (
					"$(inherited)",
					"@executable_path/Frameworks",
				);
				MARKETING_VERSION = 1.0;
				PRODUCT_BUNDLE_IDENTIFIER = "com.uppa-m1siglis.MeatBalls";
				PRODUCT_NAME = "$(TARGET_NAME)";
				SWIFT_EMIT_LOC_STRINGS = YES;
				SWIFT_VERSION = 5.0;
				TARGETED_DEVICE_FAMILY = "1,2";
			};
			name = Debug;
		};
		F5A11EFE29941D9D005F13EB /* Release */ = {
			isa = XCBuildConfiguration;
			buildSettings = {
				ASSETCATALOG_COMPILER_APPICON_NAME = AppIcon;
				ASSETCATALOG_COMPILER_GLOBAL_ACCENT_COLOR_NAME = AccentColor;
				CODE_SIGN_STYLE = Automatic;
				CURRENT_PROJECT_VERSION = 1;
				DEVELOPMENT_TEAM = U5D7JR643Q;
				GENERATE_INFOPLIST_FILE = YES;
				INFOPLIST_FILE = MeatBalls/Info.plist;
				INFOPLIST_KEY_UIApplicationSupportsIndirectInputEvents = YES;
				INFOPLIST_KEY_UILaunchStoryboardName = LaunchScreen;
				INFOPLIST_KEY_UIMainStoryboardFile = Main;
				INFOPLIST_KEY_UISupportedInterfaceOrientations_iPad = "UIInterfaceOrientationPortrait UIInterfaceOrientationPortraitUpsideDown UIInterfaceOrientationLandscapeLeft UIInterfaceOrientationLandscapeRight";
				INFOPLIST_KEY_UISupportedInterfaceOrientations_iPhone = "UIInterfaceOrientationPortrait UIInterfaceOrientationLandscapeLeft UIInterfaceOrientationLandscapeRight";
				LD_RUNPATH_SEARCH_PATHS = (
					"$(inherited)",
					"@executable_path/Frameworks",
				);
				MARKETING_VERSION = 1.0;
				PRODUCT_BUNDLE_IDENTIFIER = "com.uppa-m1siglis.MeatBalls";
				PRODUCT_NAME = "$(TARGET_NAME)";
				SWIFT_EMIT_LOC_STRINGS = YES;
				SWIFT_VERSION = 5.0;
				TARGETED_DEVICE_FAMILY = "1,2";
			};
			name = Release;
		};
		F5A11F0029941D9D005F13EB /* Debug */ = {
			isa = XCBuildConfiguration;
			buildSettings = {
				ALWAYS_EMBED_SWIFT_STANDARD_LIBRARIES = YES;
				BUNDLE_LOADER = "$(TEST_HOST)";
				CODE_SIGN_STYLE = Automatic;
				CURRENT_PROJECT_VERSION = 1;
				DEVELOPMENT_TEAM = U5D7JR643Q;
				GENERATE_INFOPLIST_FILE = YES;
				IPHONEOS_DEPLOYMENT_TARGET = 16.2;
				MARKETING_VERSION = 1.0;
				PRODUCT_BUNDLE_IDENTIFIER = "com.uppa-m1siglis.MeatBallsTests";
				PRODUCT_NAME = "$(TARGET_NAME)";
				SWIFT_EMIT_LOC_STRINGS = NO;
				SWIFT_VERSION = 5.0;
				TARGETED_DEVICE_FAMILY = "1,2";
				TEST_HOST = "$(BUILT_PRODUCTS_DIR)/MeatBalls.app/$(BUNDLE_EXECUTABLE_FOLDER_PATH)/MeatBalls";
			};
			name = Debug;
		};
		F5A11F0129941D9D005F13EB /* Release */ = {
			isa = XCBuildConfiguration;
			buildSettings = {
				ALWAYS_EMBED_SWIFT_STANDARD_LIBRARIES = YES;
				BUNDLE_LOADER = "$(TEST_HOST)";
				CODE_SIGN_STYLE = Automatic;
				CURRENT_PROJECT_VERSION = 1;
				DEVELOPMENT_TEAM = U5D7JR643Q;
				GENERATE_INFOPLIST_FILE = YES;
				IPHONEOS_DEPLOYMENT_TARGET = 16.2;
				MARKETING_VERSION = 1.0;
				PRODUCT_BUNDLE_IDENTIFIER = "com.uppa-m1siglis.MeatBallsTests";
				PRODUCT_NAME = "$(TARGET_NAME)";
				SWIFT_EMIT_LOC_STRINGS = NO;
				SWIFT_VERSION = 5.0;
				TARGETED_DEVICE_FAMILY = "1,2";
				TEST_HOST = "$(BUILT_PRODUCTS_DIR)/MeatBalls.app/$(BUNDLE_EXECUTABLE_FOLDER_PATH)/MeatBalls";
			};
			name = Release;
		};
		F5A11F0329941D9D005F13EB /* Debug */ = {
			isa = XCBuildConfiguration;
			buildSettings = {
				ALWAYS_EMBED_SWIFT_STANDARD_LIBRARIES = YES;
				CODE_SIGN_STYLE = Automatic;
				CURRENT_PROJECT_VERSION = 1;
				DEVELOPMENT_TEAM = U5D7JR643Q;
				GENERATE_INFOPLIST_FILE = YES;
				MARKETING_VERSION = 1.0;
				PRODUCT_BUNDLE_IDENTIFIER = "com.uppa-m1siglis.MeatBallsUITests";
				PRODUCT_NAME = "$(TARGET_NAME)";
				SWIFT_EMIT_LOC_STRINGS = NO;
				SWIFT_VERSION = 5.0;
				TARGETED_DEVICE_FAMILY = "1,2";
				TEST_TARGET_NAME = MeatBalls;
			};
			name = Debug;
		};
		F5A11F0429941D9D005F13EB /* Release */ = {
			isa = XCBuildConfiguration;
			buildSettings = {
				ALWAYS_EMBED_SWIFT_STANDARD_LIBRARIES = YES;
				CODE_SIGN_STYLE = Automatic;
				CURRENT_PROJECT_VERSION = 1;
				DEVELOPMENT_TEAM = U5D7JR643Q;
				GENERATE_INFOPLIST_FILE = YES;
				MARKETING_VERSION = 1.0;
				PRODUCT_BUNDLE_IDENTIFIER = "com.uppa-m1siglis.MeatBallsUITests";
				PRODUCT_NAME = "$(TARGET_NAME)";
				SWIFT_EMIT_LOC_STRINGS = NO;
				SWIFT_VERSION = 5.0;
				TARGETED_DEVICE_FAMILY = "1,2";
				TEST_TARGET_NAME = MeatBalls;
			};
			name = Release;
		};
/* End XCBuildConfiguration section */

/* Begin XCConfigurationList section */
		F5A11ECD29941D9C005F13EB /* Build configuration list for PBXProject "MeatBalls" */ = {
			isa = XCConfigurationList;
			buildConfigurations = (
				F5A11EFA29941D9D005F13EB /* Debug */,
				F5A11EFB29941D9D005F13EB /* Release */,
			);
			defaultConfigurationIsVisible = 0;
			defaultConfigurationName = Release;
		};
		F5A11EFC29941D9D005F13EB /* Build configuration list for PBXNativeTarget "MeatBalls" */ = {
			isa = XCConfigurationList;
			buildConfigurations = (
				F5A11EFD29941D9D005F13EB /* Debug */,
				F5A11EFE29941D9D005F13EB /* Release */,
			);
			defaultConfigurationIsVisible = 0;
			defaultConfigurationName = Release;
		};
		F5A11EFF29941D9D005F13EB /* Build configuration list for PBXNativeTarget "MeatBallsTests" */ = {
			isa = XCConfigurationList;
			buildConfigurations = (
				F5A11F0029941D9D005F13EB /* Debug */,
				F5A11F0129941D9D005F13EB /* Release */,
			);
			defaultConfigurationIsVisible = 0;
			defaultConfigurationName = Release;
		};
		F5A11F0229941D9D005F13EB /* Build configuration list for PBXNativeTarget "MeatBallsUITests" */ = {
			isa = XCConfigurationList;
			buildConfigurations = (
				F5A11F0329941D9D005F13EB /* Debug */,
				F5A11F0429941D9D005F13EB /* Release */,
			);
			defaultConfigurationIsVisible = 0;
			defaultConfigurationName = Release;
		};
/* End XCConfigurationList section */
	};
	rootObject = F5A11ECA29941D9C005F13EB /* Project object */;
}
